// !$*UTF8*$!
{
	archiveVersion = 1;
	classes = {
	};
	objectVersion = 46;
	objects = {

/* Begin PBXBuildFile section */
		4C1AB16F1D94C00800A7C331 /* main.m in Sources */ = {isa = PBXBuildFile; fileRef = 4C1AB16E1D94C00800A7C331 /* main.m */; };
		4C1AB1721D94C00900A7C331 /* AppDelegate.m in Sources */ = {isa = PBXBuildFile; fileRef = 4C1AB1711D94C00900A7C331 /* AppDelegate.m */; };
		4C1AB1751D94C00900A7C331 /* MasterViewController.m in Sources */ = {isa = PBXBuildFile; fileRef = 4C1AB1741D94C00900A7C331 /* MasterViewController.m */; };
		4C1AB1781D94C00900A7C331 /* DetailViewController.m in Sources */ = {isa = PBXBuildFile; fileRef = 4C1AB1771D94C00900A7C331 /* DetailViewController.m */; };
		4C1AB17B1D94C00900A7C331 /* Main.storyboard in Resources */ = {isa = PBXBuildFile; fileRef = 4C1AB1791D94C00900A7C331 /* Main.storyboard */; };
		4C1AB17D1D94C00900A7C331 /* Assets.xcassets in Resources */ = {isa = PBXBuildFile; fileRef = 4C1AB17C1D94C00900A7C331 /* Assets.xcassets */; };
		4C1AB1801D94C00900A7C331 /* LaunchScreen.storyboard in Resources */ = {isa = PBXBuildFile; fileRef = 4C1AB17E1D94C00900A7C331 /* LaunchScreen.storyboard */; };
		4C1AB18B1D94C00900A7C331 /* SHA_1Tests.m in Sources */ = {isa = PBXBuildFile; fileRef = 4C1AB18A1D94C00900A7C331 /* SHA_1Tests.m */; };
		4C1AB1961D94C00900A7C331 /* SHA_1UITests.m in Sources */ = {isa = PBXBuildFile; fileRef = 4C1AB1951D94C00900A7C331 /* SHA_1UITests.m */; };
/* End PBXBuildFile section */

/* Begin PBXContainerItemProxy section */
		4C1AB1871D94C00900A7C331 /* PBXContainerItemProxy */ = {
			isa = PBXContainerItemProxy;
			containerPortal = 4C1AB1621D94C00800A7C331 /* Project object */;
			proxyType = 1;
			remoteGlobalIDString = 4C1AB1691D94C00800A7C331;
			remoteInfo = "SHA-1";
		};
		4C1AB1921D94C00900A7C331 /* PBXContainerItemProxy */ = {
			isa = PBXContainerItemProxy;
			containerPortal = 4C1AB1621D94C00800A7C331 /* Project object */;
			proxyType = 1;
			remoteGlobalIDString = 4C1AB1691D94C00800A7C331;
			remoteInfo = "SHA-1";
		};
/* End PBXContainerItemProxy section */

/* Begin PBXFileReference section */
		4C1AB16A1D94C00800A7C331 /* SHA-1.app */ = {isa = PBXFileReference; explicitFileType = wrapper.application; includeInIndex = 0; path = "SHA-1.app"; sourceTree = BUILT_PRODUCTS_DIR; };
		4C1AB16E1D94C00800A7C331 /* main.m */ = {isa = PBXFileReference; lastKnownFileType = sourcecode.c.objc; path = main.m; sourceTree = "<group>"; };
		4C1AB1701D94C00800A7C331 /* AppDelegate.h */ = {isa = PBXFileReference; lastKnownFileType = sourcecode.c.h; path = AppDelegate.h; sourceTree = "<group>"; };
		4C1AB1711D94C00900A7C331 /* AppDelegate.m */ = {isa = PBXFileReference; lastKnownFileType = sourcecode.c.objc; path = AppDelegate.m; sourceTree = "<group>"; };
		4C1AB1731D94C00900A7C331 /* MasterViewController.h */ = {isa = PBXFileReference; lastKnownFileType = sourcecode.c.h; path = MasterViewController.h; sourceTree = "<group>"; };
		4C1AB1741D94C00900A7C331 /* MasterViewController.m */ = {isa = PBXFileReference; lastKnownFileType = sourcecode.c.objc; path = MasterViewController.m; sourceTree = "<group>"; };
		4C1AB1761D94C00900A7C331 /* DetailViewController.h */ = {isa = PBXFileReference; lastKnownFileType = sourcecode.c.h; path = DetailViewController.h; sourceTree = "<group>"; };
		4C1AB1771D94C00900A7C331 /* DetailViewController.m */ = {isa = PBXFileReference; lastKnownFileType = sourcecode.c.objc; path = DetailViewController.m; sourceTree = "<group>"; };
		4C1AB17A1D94C00900A7C331 /* Base */ = {isa = PBXFileReference; lastKnownFileType = file.storyboard; name = Base; path = Base.lproj/Main.storyboard; sourceTree = "<group>"; };
		4C1AB17C1D94C00900A7C331 /* Assets.xcassets */ = {isa = PBXFileReference; lastKnownFileType = folder.assetcatalog; path = Assets.xcassets; sourceTree = "<group>"; };
		4C1AB17F1D94C00900A7C331 /* Base */ = {isa = PBXFileReference; lastKnownFileType = file.storyboard; name = Base; path = Base.lproj/LaunchScreen.storyboard; sourceTree = "<group>"; };
		4C1AB1811D94C00900A7C331 /* Info.plist */ = {isa = PBXFileReference; lastKnownFileType = text.plist.xml; path = Info.plist; sourceTree = "<group>"; };
		4C1AB1861D94C00900A7C331 /* SHA-1Tests.xctest */ = {isa = PBXFileReference; explicitFileType = wrapper.cfbundle; includeInIndex = 0; path = "SHA-1Tests.xctest"; sourceTree = BUILT_PRODUCTS_DIR; };
		4C1AB18A1D94C00900A7C331 /* SHA_1Tests.m */ = {isa = PBXFileReference; lastKnownFileType = sourcecode.c.objc; path = SHA_1Tests.m; sourceTree = "<group>"; };
		4C1AB18C1D94C00900A7C331 /* Info.plist */ = {isa = PBXFileReference; lastKnownFileType = text.plist.xml; path = Info.plist; sourceTree = "<group>"; };
		4C1AB1911D94C00900A7C331 /* SHA-1UITests.xctest */ = {isa = PBXFileReference; explicitFileType = wrapper.cfbundle; includeInIndex = 0; path = "SHA-1UITests.xctest"; sourceTree = BUILT_PRODUCTS_DIR; };
		4C1AB1951D94C00900A7C331 /* SHA_1UITests.m */ = {isa = PBXFileReference; lastKnownFileType = sourcecode.c.objc; path = SHA_1UITests.m; sourceTree = "<group>"; };
		4C1AB1971D94C00900A7C331 /* Info.plist */ = {isa = PBXFileReference; lastKnownFileType = text.plist.xml; path = Info.plist; sourceTree = "<group>"; };
/* End PBXFileReference section */

/* Begin PBXFrameworksBuildPhase section */
		4C1AB1671D94C00800A7C331 /* Frameworks */ = {
			isa = PBXFrameworksBuildPhase;
			buildActionMask = 2147483647;
			files = (
			);
			runOnlyForDeploymentPostprocessing = 0;
		};
		4C1AB1831D94C00900A7C331 /* Frameworks */ = {
			isa = PBXFrameworksBuildPhase;
			buildActionMask = 2147483647;
			files = (
			);
			runOnlyForDeploymentPostprocessing = 0;
		};
		4C1AB18E1D94C00900A7C331 /* Frameworks */ = {
			isa = PBXFrameworksBuildPhase;
			buildActionMask = 2147483647;
			files = (
			);
			runOnlyForDeploymentPostprocessing = 0;
		};
/* End PBXFrameworksBuildPhase section */

/* Begin PBXGroup section */
		4C1AB1611D94C00800A7C331 = {
			isa = PBXGroup;
			children = (
				4C1AB16C1D94C00800A7C331 /* SHA-1 */,
				4C1AB1891D94C00900A7C331 /* SHA-1Tests */,
				4C1AB1941D94C00900A7C331 /* SHA-1UITests */,
				4C1AB16B1D94C00800A7C331 /* Products */,
			);
			sourceTree = "<group>";
		};
		4C1AB16B1D94C00800A7C331 /* Products */ = {
			isa = PBXGroup;
			children = (
				4C1AB16A1D94C00800A7C331 /* SHA-1.app */,
				4C1AB1861D94C00900A7C331 /* SHA-1Tests.xctest */,
				4C1AB1911D94C00900A7C331 /* SHA-1UITests.xctest */,
			);
			name = Products;
			sourceTree = "<group>";
		};
		4C1AB16C1D94C00800A7C331 /* SHA-1 */ = {
			isa = PBXGroup;
			children = (
				4C1AB1701D94C00800A7C331 /* AppDelegate.h */,
				4C1AB1711D94C00900A7C331 /* AppDelegate.m */,
				4C1AB1731D94C00900A7C331 /* MasterViewController.h */,
				4C1AB1741D94C00900A7C331 /* MasterViewController.m */,
				4C1AB1761D94C00900A7C331 /* DetailViewController.h */,
				4C1AB1771D94C00900A7C331 /* DetailViewController.m */,
				4C1AB1791D94C00900A7C331 /* Main.storyboard */,
				4C1AB17C1D94C00900A7C331 /* Assets.xcassets */,
				4C1AB17E1D94C00900A7C331 /* LaunchScreen.storyboard */,
				4C1AB1811D94C00900A7C331 /* Info.plist */,
				4C1AB16D1D94C00800A7C331 /* Supporting Files */,
			);
			path = "SHA-1";
			sourceTree = "<group>";
		};
		4C1AB16D1D94C00800A7C331 /* Supporting Files */ = {
			isa = PBXGroup;
			children = (
				4C1AB16E1D94C00800A7C331 /* main.m */,
			);
			name = "Supporting Files";
			sourceTree = "<group>";
		};
		4C1AB1891D94C00900A7C331 /* SHA-1Tests */ = {
			isa = PBXGroup;
			children = (
				4C1AB18A1D94C00900A7C331 /* SHA_1Tests.m */,
				4C1AB18C1D94C00900A7C331 /* Info.plist */,
			);
			path = "SHA-1Tests";
			sourceTree = "<group>";
		};
		4C1AB1941D94C00900A7C331 /* SHA-1UITests */ = {
			isa = PBXGroup;
			children = (
				4C1AB1951D94C00900A7C331 /* SHA_1UITests.m */,
				4C1AB1971D94C00900A7C331 /* Info.plist */,
			);
			path = "SHA-1UITests";
			sourceTree = "<group>";
		};
/* End PBXGroup section */

/* Begin PBXNativeTarget section */
		4C1AB1691D94C00800A7C331 /* SHA-1 */ = {
			isa = PBXNativeTarget;
			buildConfigurationList = 4C1AB19A1D94C00900A7C331 /* Build configuration list for PBXNativeTarget "SHA-1" */;
			buildPhases = (
				4C1AB1661D94C00800A7C331 /* Sources */,
				4C1AB1671D94C00800A7C331 /* Frameworks */,
				4C1AB1681D94C00800A7C331 /* Resources */,
			);
			buildRules = (
			);
			dependencies = (
			);
			name = "SHA-1";
			productName = "SHA-1";
			productReference = 4C1AB16A1D94C00800A7C331 /* SHA-1.app */;
			productType = "com.apple.product-type.application";
		};
		4C1AB1851D94C00900A7C331 /* SHA-1Tests */ = {
			isa = PBXNativeTarget;
			buildConfigurationList = 4C1AB19D1D94C00900A7C331 /* Build configuration list for PBXNativeTarget "SHA-1Tests" */;
			buildPhases = (
				4C1AB1821D94C00900A7C331 /* Sources */,
				4C1AB1831D94C00900A7C331 /* Frameworks */,
				4C1AB1841D94C00900A7C331 /* Resources */,
			);
			buildRules = (
			);
			dependencies = (
				4C1AB1881D94C00900A7C331 /* PBXTargetDependency */,
			);
			name = "SHA-1Tests";
			productName = "SHA-1Tests";
			productReference = 4C1AB1861D94C00900A7C331 /* SHA-1Tests.xctest */;
			productType = "com.apple.product-type.bundle.unit-test";
		};
		4C1AB1901D94C00900A7C331 /* SHA-1UITests */ = {
			isa = PBXNativeTarget;
			buildConfigurationList = 4C1AB1A01D94C00900A7C331 /* Build configuration list for PBXNativeTarget "SHA-1UITests" */;
			buildPhases = (
				4C1AB18D1D94C00900A7C331 /* Sources */,
				4C1AB18E1D94C00900A7C331 /* Frameworks */,
				4C1AB18F1D94C00900A7C331 /* Resources */,
			);
			buildRules = (
			);
			dependencies = (
				4C1AB1931D94C00900A7C331 /* PBXTargetDependency */,
			);
			name = "SHA-1UITests";
			productName = "SHA-1UITests";
			productReference = 4C1AB1911D94C00900A7C331 /* SHA-1UITests.xctest */;
			productType = "com.apple.product-type.bundle.ui-testing";
		};
/* End PBXNativeTarget section */

/* Begin PBXProject section */
		4C1AB1621D94C00800A7C331 /* Project object */ = {
			isa = PBXProject;
			attributes = {
				LastUpgradeCheck = 0720;
				ORGANIZATIONNAME = "Vaishnavi Narayan";
				TargetAttributes = {
					4C1AB1691D94C00800A7C331 = {
						CreatedOnToolsVersion = 7.2.1;
					};
					4C1AB1851D94C00900A7C331 = {
						CreatedOnToolsVersion = 7.2.1;
						TestTargetID = 4C1AB1691D94C00800A7C331;
					};
					4C1AB1901D94C00900A7C331 = {
						CreatedOnToolsVersion = 7.2.1;
						TestTargetID = 4C1AB1691D94C00800A7C331;
					};
				};
			};
			buildConfigurationList = 4C1AB1651D94C00800A7C331 /* Build configuration list for PBXProject "SHA-1" */;
			compatibilityVersion = "Xcode 3.2";
			developmentRegion = English;
			hasScannedForEncodings = 0;
			knownRegions = (
				en,
				Base,
			);
			mainGroup = 4C1AB1611D94C00800A7C331;
			productRefGroup = 4C1AB16B1D94C00800A7C331 /* Products */;
			projectDirPath = "";
			projectRoot = "";
			targets = (
				4C1AB1691D94C00800A7C331 /* SHA-1 */,
				4C1AB1851D94C00900A7C331 /* SHA-1Tests */,
				4C1AB1901D94C00900A7C331 /* SHA-1UITests */,
			);
		};
/* End PBXProject section */

/* Begin PBXResourcesBuildPhase section */
		4C1AB1681D94C00800A7C331 /* Resources */ = {
			isa = PBXResourcesBuildPhase;
			buildActionMask = 2147483647;
			files = (
				4C1AB1801D94C00900A7C331 /* LaunchScreen.storyboard in Resources */,
				4C1AB17D1D94C00900A7C331 /* Assets.xcassets in Resources */,
				4C1AB17B1D94C00900A7C331 /* Main.storyboard in Resources */,
			);
			runOnlyForDeploymentPostprocessing = 0;
		};
		4C1AB1841D94C00900A7C331 /* Resources */ = {
			isa = PBXResourcesBuildPhase;
			buildActionMask = 2147483647;
			files = (
			);
			runOnlyForDeploymentPostprocessing = 0;
		};
		4C1AB18F1D94C00900A7C331 /* Resources */ = {
			isa = PBXResourcesBuildPhase;
			buildActionMask = 2147483647;
			files = (
			);
			runOnlyForDeploymentPostprocessing = 0;
		};
/* End PBXResourcesBuildPhase section */

/* Begin PBXSourcesBuildPhase section */
		4C1AB1661D94C00800A7C331 /* Sources */ = {
			isa = PBXSourcesBuildPhase;
			buildActionMask = 2147483647;
			files = (
				4C1AB1721D94C00900A7C331 /* AppDelegate.m in Sources */,
				4C1AB1751D94C00900A7C331 /* MasterViewController.m in Sources */,
				4C1AB16F1D94C00800A7C331 /* main.m in Sources */,
				4C1AB1781D94C00900A7C331 /* DetailViewController.m in Sources */,
			);
			runOnlyForDeploymentPostprocessing = 0;
		};
		4C1AB1821D94C00900A7C331 /* Sources */ = {
			isa = PBXSourcesBuildPhase;
			buildActionMask = 2147483647;
			files = (
				4C1AB18B1D94C00900A7C331 /* SHA_1Tests.m in Sources */,
			);
			runOnlyForDeploymentPostprocessing = 0;
		};
		4C1AB18D1D94C00900A7C331 /* Sources */ = {
			isa = PBXSourcesBuildPhase;
			buildActionMask = 2147483647;
			files = (
				4C1AB1961D94C00900A7C331 /* SHA_1UITests.m in Sources */,
			);
			runOnlyForDeploymentPostprocessing = 0;
		};
/* End PBXSourcesBuildPhase section */

/* Begin PBXTargetDependency section */
		4C1AB1881D94C00900A7C331 /* PBXTargetDependency */ = {
			isa = PBXTargetDependency;
			target = 4C1AB1691D94C00800A7C331 /* SHA-1 */;
			targetProxy = 4C1AB1871D94C00900A7C331 /* PBXContainerItemProxy */;
		};
		4C1AB1931D94C00900A7C331 /* PBXTargetDependency */ = {
			isa = PBXTargetDependency;
			target = 4C1AB1691D94C00800A7C331 /* SHA-1 */;
			targetProxy = 4C1AB1921D94C00900A7C331 /* PBXContainerItemProxy */;
		};
/* End PBXTargetDependency section */

/* Begin PBXVariantGroup section */
		4C1AB1791D94C00900A7C331 /* Main.storyboard */ = {
			isa = PBXVariantGroup;
			children = (
				4C1AB17A1D94C00900A7C331 /* Base */,
			);
			name = Main.storyboard;
			sourceTree = "<group>";
		};
		4C1AB17E1D94C00900A7C331 /* LaunchScreen.storyboard */ = {
			isa = PBXVariantGroup;
			children = (
				4C1AB17F1D94C00900A7C331 /* Base */,
			);
			name = LaunchScreen.storyboard;
			sourceTree = "<group>";
		};
/* End PBXVariantGroup section */

/* Begin XCBuildConfiguration section */
		4C1AB1981D94C00900A7C331 /* Debug */ = {
			isa = XCBuildConfiguration;
			buildSettings = {
				ALWAYS_SEARCH_USER_PATHS = NO;
				CLANG_CXX_LANGUAGE_STANDARD = "gnu++0x";
				CLANG_CXX_LIBRARY = "libc++";
				CLANG_ENABLE_MODULES = YES;
				CLANG_ENABLE_OBJC_ARC = YES;
				CLANG_WARN_BOOL_CONVERSION = YES;
				CLANG_WARN_CONSTANT_CONVERSION = YES;
				CLANG_WARN_DIRECT_OBJC_ISA_USAGE = YES_ERROR;
				CLANG_WARN_EMPTY_BODY = YES;
				CLANG_WARN_ENUM_CONVERSION = YES;
				CLANG_WARN_INT_CONVERSION = YES;
				CLANG_WARN_OBJC_ROOT_CLASS = YES_ERROR;
				CLANG_WARN_UNREACHABLE_CODE = YES;
				CLANG_WARN__DUPLICATE_METHOD_MATCH = YES;
				"CODE_SIGN_IDENTITY[sdk=iphoneos*]" = "iPhone Developer";
				COPY_PHASE_STRIP = NO;
				DEBUG_INFORMATION_FORMAT = dwarf;
				ENABLE_STRICT_OBJC_MSGSEND = YES;
				ENABLE_TESTABILITY = YES;
				GCC_C_LANGUAGE_STANDARD = gnu99;
				GCC_DYNAMIC_NO_PIC = NO;
				GCC_NO_COMMON_BLOCKS = YES;
				GCC_OPTIMIZATION_LEVEL = 0;
				GCC_PREPROCESSOR_DEFINITIONS = (
					"DEBUG=1",
					"$(inherited)",
				);
				GCC_WARN_64_TO_32_BIT_CONVERSION = YES;
				GCC_WARN_ABOUT_RETURN_TYPE = YES_ERROR;
				GCC_WARN_UNDECLARED_SELECTOR = YES;
				GCC_WARN_UNINITIALIZED_AUTOS = YES_AGGRESSIVE;
				GCC_WARN_UNUSED_FUNCTION = YES;
				GCC_WARN_UNUSED_VARIABLE = YES;
				IPHONEOS_DEPLOYMENT_TARGET = 9.2;
				MTL_ENABLE_DEBUG_INFO = YES;
				ONLY_ACTIVE_ARCH = YES;
				SDKROOT = iphoneos;
				TARGETED_DEVICE_FAMILY = "1,2";
			};
			name = Debug;
		};
		4C1AB1991D94C00900A7C331 /* Release */ = {
			isa = XCBuildConfiguration;
			buildSettings = {
				ALWAYS_SEARCH_USER_PATHS = NO;
				CLANG_CXX_LANGUAGE_STANDARD = "gnu++0x";
				CLANG_CXX_LIBRARY = "libc++";
				CLANG_ENABLE_MODULES = YES;
				CLANG_ENABLE_OBJC_ARC = YES;
				CLANG_WARN_BOOL_CONVERSION = YES;
				CLANG_WARN_CONSTANT_CONVERSION = YES;
				CLANG_WARN_DIRECT_OBJC_ISA_USAGE = YES_ERROR;
				CLANG_WARN_EMPTY_BODY = YES;
				CLANG_WARN_ENUM_CONVERSION = YES;
				CLANG_WARN_INT_CONVERSION = YES;
				CLANG_WARN_OBJC_ROOT_CLASS = YES_ERROR;
				CLANG_WARN_UNREACHABLE_CODE = YES;
				CLANG_WARN__DUPLICATE_METHOD_MATCH = YES;
				"CODE_SIGN_IDENTITY[sdk=iphoneos*]" = "iPhone Developer";
				COPY_PHASE_STRIP = NO;
				DEBUG_INFORMATION_FORMAT = "dwarf-with-dsym";
				ENABLE_NS_ASSERTIONS = NO;
				ENABLE_STRICT_OBJC_MSGSEND = YES;
				GCC_C_LANGUAGE_STANDARD = gnu99;
				GCC_NO_COMMON_BLOCKS = YES;
				GCC_WARN_64_TO_32_BIT_CONVERSION = YES;
				GCC_WARN_ABOUT_RETURN_TYPE = YES_ERROR;
				GCC_WARN_UNDECLARED_SELECTOR = YES;
				GCC_WARN_UNINITIALIZED_AUTOS = YES_AGGRESSIVE;
				GCC_WARN_UNUSED_FUNCTION = YES;
				GCC_WARN_UNUSED_VARIABLE = YES;
				IPHONEOS_DEPLOYMENT_TARGET = 9.2;
				MTL_ENABLE_DEBUG_INFO = NO;
				SDKROOT = iphoneos;
				TARGETED_DEVICE_FAMILY = "1,2";
				VALIDATE_PRODUCT = YES;
			};
			name = Release;
		};
		4C1AB19B1D94C00900A7C331 /* Debug */ = {
			isa = XCBuildConfiguration;
			buildSettings = {
				ASSETCATALOG_COMPILER_APPICON_NAME = AppIcon;
				CODE_SIGN_IDENTITY = "iPhone Developer";
				INFOPLIST_FILE = "SHA-1/Info.plist";
				LD_RUNPATH_SEARCH_PATHS = "$(inherited) @executable_path/Frameworks";
				PRODUCT_BUNDLE_IDENTIFIER = "CS465.SHA-1";
				PRODUCT_NAME = "$(TARGET_NAME)";
			};
			name = Debug;
		};
		4C1AB19C1D94C00900A7C331 /* Release */ = {
			isa = XCBuildConfiguration;
			buildSettings = {
				ASSETCATALOG_COMPILER_APPICON_NAME = AppIcon;
				CODE_SIGN_IDENTITY = "iPhone Developer";
				INFOPLIST_FILE = "SHA-1/Info.plist";
				LD_RUNPATH_SEARCH_PATHS = "$(inherited) @executable_path/Frameworks";
				PRODUCT_BUNDLE_IDENTIFIER = "CS465.SHA-1";
				PRODUCT_NAME = "$(TARGET_NAME)";
			};
			name = Release;
		};
		4C1AB19E1D94C00900A7C331 /* Debug */ = {
			isa = XCBuildConfiguration;
			buildSettings = {
				BUNDLE_LOADER = "$(TEST_HOST)";
				INFOPLIST_FILE = "SHA-1Tests/Info.plist";
				LD_RUNPATH_SEARCH_PATHS = "$(inherited) @executable_path/Frameworks @loader_path/Frameworks";
				PRODUCT_BUNDLE_IDENTIFIER = "CS465.SHA-1Tests";
				PRODUCT_NAME = "$(TARGET_NAME)";
				TEST_HOST = "$(BUILT_PRODUCTS_DIR)/SHA-1.app/SHA-1";
			};
			name = Debug;
		};
		4C1AB19F1D94C00900A7C331 /* Release */ = {
			isa = XCBuildConfiguration;
			buildSettings = {
				BUNDLE_LOADER = "$(TEST_HOST)";
				INFOPLIST_FILE = "SHA-1Tests/Info.plist";
				LD_RUNPATH_SEARCH_PATHS = "$(inherited) @executable_path/Frameworks @loader_path/Frameworks";
				PRODUCT_BUNDLE_IDENTIFIER = "CS465.SHA-1Tests";
				PRODUCT_NAME = "$(TARGET_NAME)";
				TEST_HOST = "$(BUILT_PRODUCTS_DIR)/SHA-1.app/SHA-1";
			};
			name = Release;
		};
		4C1AB1A11D94C00900A7C331 /* Debug */ = {
			isa = XCBuildConfiguration;
			buildSettings = {
				INFOPLIST_FILE = "SHA-1UITests/Info.plist";
				LD_RUNPATH_SEARCH_PATHS = "$(inherited) @executable_path/Frameworks @loader_path/Frameworks";
				PRODUCT_BUNDLE_IDENTIFIER = "CS465.SHA-1UITests";
				PRODUCT_NAME = "$(TARGET_NAME)";
				TEST_TARGET_NAME = "SHA-1";
				USES_XCTRUNNER = YES;
			};
			name = Debug;
		};
		4C1AB1A21D94C00900A7C331 /* Release */ = {
			isa = XCBuildConfiguration;
			buildSettings = {
				INFOPLIST_FILE = "SHA-1UITests/Info.plist";
				LD_RUNPATH_SEARCH_PATHS = "$(inherited) @executable_path/Frameworks @loader_path/Frameworks";
				PRODUCT_BUNDLE_IDENTIFIER = "CS465.SHA-1UITests";
				PRODUCT_NAME = "$(TARGET_NAME)";
				TEST_TARGET_NAME = "SHA-1";
				USES_XCTRUNNER = YES;
			};
			name = Release;
		};
/* End XCBuildConfiguration section */

/* Begin XCConfigurationList section */
		4C1AB1651D94C00800A7C331 /* Build configuration list for PBXProject "SHA-1" */ = {
			isa = XCConfigurationList;
			buildConfigurations = (
				4C1AB1981D94C00900A7C331 /* Debug */,
				4C1AB1991D94C00900A7C331 /* Release */,
			);
			defaultConfigurationIsVisible = 0;
			defaultConfigurationName = Release;
		};
		4C1AB19A1D94C00900A7C331 /* Build configuration list for PBXNativeTarget "SHA-1" */ = {
			isa = XCConfigurationList;
			buildConfigurations = (
				4C1AB19B1D94C00900A7C331 /* Debug */,
				4C1AB19C1D94C00900A7C331 /* Release */,
			);
			defaultConfigurationIsVisible = 0;
		};
		4C1AB19D1D94C00900A7C331 /* Build configuration list for PBXNativeTarget "SHA-1Tests" */ = {
			isa = XCConfigurationList;
			buildConfigurations = (
				4C1AB19E1D94C00900A7C331 /* Debug */,
				4C1AB19F1D94C00900A7C331 /* Release */,
			);
			defaultConfigurationIsVisible = 0;
		};
		4C1AB1A01D94C00900A7C331 /* Build configuration list for PBXNativeTarget "SHA-1UITests" */ = {
			isa = XCConfigurationList;
			buildConfigurations = (
				4C1AB1A11D94C00900A7C331 /* Debug */,
				4C1AB1A21D94C00900A7C331 /* Release */,
			);
			defaultConfigurationIsVisible = 0;
		};
/* End XCConfigurationList section */
	};
	rootObject = 4C1AB1621D94C00800A7C331 /* Project object */;
}
